// !$*UTF8*$!
{
	archiveVersion = 1;
	classes = {
	};
	objectVersion = 46;
	objects = {

/* Begin PBXBuildFile section */
		CF16D7DD1AE922980039C045 /* PlaySoundsViewController.swift in Sources */ = {isa = PBXBuildFile; fileRef = CF16D7DC1AE922980039C045 /* PlaySoundsViewController.swift */; };
		CF23A77C1AEA3B6200204F65 /* movie_quote.mp3 in Resources */ = {isa = PBXBuildFile; fileRef = CF23A77B1AEA3B6200204F65 /* movie_quote.mp3 */; };
		CF23A7801AEA5A4400204F65 /* RecordedAudio.swift in Sources */ = {isa = PBXBuildFile; fileRef = CF23A77F1AEA5A4400204F65 /* RecordedAudio.swift */; };
		CF9B80221AD961310055A3A0 /* AppDelegate.swift in Sources */ = {isa = PBXBuildFile; fileRef = CF9B80211AD961310055A3A0 /* AppDelegate.swift */; };
		CF9B80241AD961310055A3A0 /* RecordSoundViewController.swift in Sources */ = {isa = PBXBuildFile; fileRef = CF9B80231AD961310055A3A0 /* RecordSoundViewController.swift */; };
		CF9B80271AD961310055A3A0 /* Main.storyboard in Resources */ = {isa = PBXBuildFile; fileRef = CF9B80251AD961310055A3A0 /* Main.storyboard */; };
		CF9B80291AD961310055A3A0 /* Images.xcassets in Resources */ = {isa = PBXBuildFile; fileRef = CF9B80281AD961310055A3A0 /* Images.xcassets */; };
		CF9B802C1AD961310055A3A0 /* LaunchScreen.xib in Resources */ = {isa = PBXBuildFile; fileRef = CF9B802A1AD961310055A3A0 /* LaunchScreen.xib */; };
		CF9B80381AD961310055A3A0 /* Pitch_PerfectTests.swift in Sources */ = {isa = PBXBuildFile; fileRef = CF9B80371AD961310055A3A0 /* Pitch_PerfectTests.swift */; };
/* End PBXBuildFile section */

/* Begin PBXContainerItemProxy section */
		CF9B80321AD961310055A3A0 /* PBXContainerItemProxy */ = {
			isa = PBXContainerItemProxy;
			containerPortal = CF9B80141AD961310055A3A0 /* Project object */;
			proxyType = 1;
			remoteGlobalIDString = CF9B801B1AD961310055A3A0;
			remoteInfo = "Pitch Perfect";
		};
/* End PBXContainerItemProxy section */

/* Begin PBXFileReference section */
		CF16D7DC1AE922980039C045 /* PlaySoundsViewController.swift */ = {isa = PBXFileReference; fileEncoding = 4; lastKnownFileType = sourcecode.swift; name = PlaySoundsViewController.swift; path = ../PlaySoundsViewController.swift; sourceTree = "<group>"; };
		CF23A77B1AEA3B6200204F65 /* movie_quote.mp3 */ = {isa = PBXFileReference; lastKnownFileType = audio.mp3; path = movie_quote.mp3; sourceTree = "<group>"; };
		CF23A77F1AEA5A4400204F65 /* RecordedAudio.swift */ = {isa = PBXFileReference; fileEncoding = 4; lastKnownFileType = sourcecode.swift; path = RecordedAudio.swift; sourceTree = "<group>"; };
		CF9B801C1AD961310055A3A0 /* Pitch Perfect.app */ = {isa = PBXFileReference; explicitFileType = wrapper.application; includeInIndex = 0; path = "Pitch Perfect.app"; sourceTree = BUILT_PRODUCTS_DIR; };
		CF9B80201AD961310055A3A0 /* Info.plist */ = {isa = PBXFileReference; lastKnownFileType = text.plist.xml; path = Info.plist; sourceTree = "<group>"; };
		CF9B80211AD961310055A3A0 /* AppDelegate.swift */ = {isa = PBXFileReference; lastKnownFileType = sourcecode.swift; path = AppDelegate.swift; sourceTree = "<group>"; };
		CF9B80231AD961310055A3A0 /* RecordSoundViewController.swift */ = {isa = PBXFileReference; lastKnownFileType = sourcecode.swift; path = RecordSoundViewController.swift; sourceTree = "<group>"; };
		CF9B80261AD961310055A3A0 /* Base */ = {isa = PBXFileReference; lastKnownFileType = file.storyboard; name = Base; path = Base.lproj/Main.storyboard; sourceTree = "<group>"; };
		CF9B80281AD961310055A3A0 /* Images.xcassets */ = {isa = PBXFileReference; lastKnownFileType = folder.assetcatalog; path = Images.xcassets; sourceTree = "<group>"; };
		CF9B802B1AD961310055A3A0 /* Base */ = {isa = PBXFileReference; lastKnownFileType = file.xib; name = Base; path = Base.lproj/LaunchScreen.xib; sourceTree = "<group>"; };
		CF9B80311AD961310055A3A0 /* Pitch PerfectTests.xctest */ = {isa = PBXFileReference; explicitFileType = wrapper.cfbundle; includeInIndex = 0; path = "Pitch PerfectTests.xctest"; sourceTree = BUILT_PRODUCTS_DIR; };
		CF9B80361AD961310055A3A0 /* Info.plist */ = {isa = PBXFileReference; lastKnownFileType = text.plist.xml; path = Info.plist; sourceTree = "<group>"; };
		CF9B80371AD961310055A3A0 /* Pitch_PerfectTests.swift */ = {isa = PBXFileReference; lastKnownFileType = sourcecode.swift; path = Pitch_PerfectTests.swift; sourceTree = "<group>"; };
/* End PBXFileReference section */

/* Begin PBXFrameworksBuildPhase section */
		CF9B80191AD961310055A3A0 /* Frameworks */ = {
			isa = PBXFrameworksBuildPhase;
			buildActionMask = 2147483647;
			files = (
			);
			runOnlyForDeploymentPostprocessing = 0;
		};
		CF9B802E1AD961310055A3A0 /* Frameworks */ = {
			isa = PBXFrameworksBuildPhase;
			buildActionMask = 2147483647;
			files = (
			);
			runOnlyForDeploymentPostprocessing = 0;
		};
/* End PBXFrameworksBuildPhase section */

/* Begin PBXGroup section */
		CF9B80131AD961310055A3A0 = {
			isa = PBXGroup;
			children = (
				CF9B801E1AD961310055A3A0 /* Pitch Perfect */,
				CF9B80341AD961310055A3A0 /* Pitch PerfectTests */,
				CF9B801D1AD961310055A3A0 /* Products */,
			);
			sourceTree = "<group>";
		};
		CF9B801D1AD961310055A3A0 /* Products */ = {
			isa = PBXGroup;
			children = (
				CF9B801C1AD961310055A3A0 /* Pitch Perfect.app */,
				CF9B80311AD961310055A3A0 /* Pitch PerfectTests.xctest */,
			);
			name = Products;
			sourceTree = "<group>";
		};
		CF9B801E1AD961310055A3A0 /* Pitch Perfect */ = {
			isa = PBXGroup;
			children = (
				CF9B80211AD961310055A3A0 /* AppDelegate.swift */,
				CF9B80231AD961310055A3A0 /* RecordSoundViewController.swift */,
				CF16D7DC1AE922980039C045 /* PlaySoundsViewController.swift */,
				CF23A77F1AEA5A4400204F65 /* RecordedAudio.swift */,
				CF9B80251AD961310055A3A0 /* Main.storyboard */,
				CF9B80281AD961310055A3A0 /* Images.xcassets */,
				CF9B802A1AD961310055A3A0 /* LaunchScreen.xib */,
				CF9B801F1AD961310055A3A0 /* Supporting Files */,
			);
			path = "Pitch Perfect";
			sourceTree = "<group>";
		};
		CF9B801F1AD961310055A3A0 /* Supporting Files */ = {
			isa = PBXGroup;
			children = (
				CF23A77B1AEA3B6200204F65 /* movie_quote.mp3 */,
				CF9B80201AD961310055A3A0 /* Info.plist */,
			);
			name = "Supporting Files";
			sourceTree = "<group>";
		};
		CF9B80341AD961310055A3A0 /* Pitch PerfectTests */ = {
			isa = PBXGroup;
			children = (
				CF9B80371AD961310055A3A0 /* Pitch_PerfectTests.swift */,
				CF9B80351AD961310055A3A0 /* Supporting Files */,
			);
			path = "Pitch PerfectTests";
			sourceTree = "<group>";
		};
		CF9B80351AD961310055A3A0 /* Supporting Files */ = {
			isa = PBXGroup;
			children = (
				CF9B80361AD961310055A3A0 /* Info.plist */,
			);
			name = "Supporting Files";
			sourceTree = "<group>";
		};
/* End PBXGroup section */

/* Begin PBXNativeTarget section */
		CF9B801B1AD961310055A3A0 /* Pitch Perfect */ = {
			isa = PBXNativeTarget;
			buildConfigurationList = CF9B803B1AD961310055A3A0 /* Build configuration list for PBXNativeTarget "Pitch Perfect" */;
			buildPhases = (
				CF9B80181AD961310055A3A0 /* Sources */,
				CF9B80191AD961310055A3A0 /* Frameworks */,
				CF9B801A1AD961310055A3A0 /* Resources */,
			);
			buildRules = (
			);
			dependencies = (
			);
			name = "Pitch Perfect";
			productName = "Pitch Perfect";
			productReference = CF9B801C1AD961310055A3A0 /* Pitch Perfect.app */;
			productType = "com.apple.product-type.application";
		};
		CF9B80301AD961310055A3A0 /* Pitch PerfectTests */ = {
			isa = PBXNativeTarget;
			buildConfigurationList = CF9B803E1AD961310055A3A0 /* Build configuration list for PBXNativeTarget "Pitch PerfectTests" */;
			buildPhases = (
				CF9B802D1AD961310055A3A0 /* Sources */,
				CF9B802E1AD961310055A3A0 /* Frameworks */,
				CF9B802F1AD961310055A3A0 /* Resources */,
			);
			buildRules = (
			);
			dependencies = (
				CF9B80331AD961310055A3A0 /* PBXTargetDependency */,
			);
			name = "Pitch PerfectTests";
			productName = "Pitch PerfectTests";
			productReference = CF9B80311AD961310055A3A0 /* Pitch PerfectTests.xctest */;
			productType = "com.apple.product-type.bundle.unit-test";
		};
/* End PBXNativeTarget section */

/* Begin PBXProject section */
		CF9B80141AD961310055A3A0 /* Project object */ = {
			isa = PBXProject;
			attributes = {
				LastUpgradeCheck = 0620;
				ORGANIZATIONNAME = "Lambri Danchev";
				TargetAttributes = {
					CF9B801B1AD961310055A3A0 = {
						CreatedOnToolsVersion = 6.2;
						DevelopmentTeam = B6PU4U3W57;
					};
					CF9B80301AD961310055A3A0 = {
						CreatedOnToolsVersion = 6.2;
						TestTargetID = CF9B801B1AD961310055A3A0;
					};
				};
			};
			buildConfigurationList = CF9B80171AD961310055A3A0 /* Build configuration list for PBXProject "Pitch Perfect" */;
			compatibilityVersion = "Xcode 3.2";
			developmentRegion = English;
			hasScannedForEncodings = 0;
			knownRegions = (
				en,
				Base,
			);
			mainGroup = CF9B80131AD961310055A3A0;
			productRefGroup = CF9B801D1AD961310055A3A0 /* Products */;
			projectDirPath = "";
			projectRoot = "";
			targets = (
				CF9B801B1AD961310055A3A0 /* Pitch Perfect */,
				CF9B80301AD961310055A3A0 /* Pitch PerfectTests */,
			);
		};
/* End PBXProject section */

/* Begin PBXResourcesBuildPhase section */
		CF9B801A1AD961310055A3A0 /* Resources */ = {
			isa = PBXResourcesBuildPhase;
			buildActionMask = 2147483647;
			files = (
				CF9B80271AD961310055A3A0 /* Main.storyboard in Resources */,
				CF9B802C1AD961310055A3A0 /* LaunchScreen.xib in Resources */,
				CF23A77C1AEA3B6200204F65 /* movie_quote.mp3 in Resources */,
				CF9B80291AD961310055A3A0 /* Images.xcassets in Resources */,
			);
			runOnlyForDeploymentPostprocessing = 0;
		};
		CF9B802F1AD961310055A3A0 /* Resources */ = {
			isa = PBXResourcesBuildPhase;
			buildActionMask = 2147483647;
			files = (
			);
			runOnlyForDeploymentPostprocessing = 0;
		};
/* End PBXResourcesBuildPhase section */

/* Begin PBXSourcesBuildPhase section */
		CF9B80181AD961310055A3A0 /* Sources */ = {
			isa = PBXSourcesBuildPhase;
			buildActionMask = 2147483647;
			files = (
				CF23A7801AEA5A4400204F65 /* RecordedAudio.swift in Sources */,
				CF9B80241AD961310055A3A0 /* RecordSoundViewController.swift in Sources */,
				CF16D7DD1AE922980039C045 /* PlaySoundsViewController.swift in Sources */,
				CF9B80221AD961310055A3A0 /* AppDelegate.swift in Sources */,
			);
			runOnlyForDeploymentPostprocessing = 0;
		};
		CF9B802D1AD961310055A3A0 /* Sources */ = {
			isa = PBXSourcesBuildPhase;
			buildActionMask = 2147483647;
			files = (
				CF9B80381AD961310055A3A0 /* Pitch_PerfectTests.swift in Sources */,
			);
			runOnlyForDeploymentPostprocessing = 0;
		};
/* End PBXSourcesBuildPhase section */

/* Begin PBXTargetDependency section */
		CF9B80331AD961310055A3A0 /* PBXTargetDependency */ = {
			isa = PBXTargetDependency;
			target = CF9B801B1AD961310055A3A0 /* Pitch Perfect */;
			targetProxy = CF9B80321AD961310055A3A0 /* PBXContainerItemProxy */;
		};
/* End PBXTargetDependency section */

/* Begin PBXVariantGroup section */
		CF9B80251AD961310055A3A0 /* Main.storyboard */ = {
			isa = PBXVariantGroup;
			children = (
				CF9B80261AD961310055A3A0 /* Base */,
			);
			name = Main.storyboard;
			sourceTree = "<group>";
		};
		CF9B802A1AD961310055A3A0 /* LaunchScreen.xib */ = {
			isa = PBXVariantGroup;
			children = (
				CF9B802B1AD961310055A3A0 /* Base */,
			);
			name = LaunchScreen.xib;
			sourceTree = "<group>";
		};
/* End PBXVariantGroup section */

/* Begin XCBuildConfiguration section */
		CF9B80391AD961310055A3A0 /* Debug */ = {
			isa = XCBuildConfiguration;
			buildSettings = {
				ALWAYS_SEARCH_USER_PATHS = NO;
				CLANG_CXX_LANGUAGE_STANDARD = "gnu++0x";
				CLANG_CXX_LIBRARY = "libc++";
				CLANG_ENABLE_MODULES = YES;
				CLANG_ENABLE_OBJC_ARC = YES;
				CLANG_WARN_BOOL_CONVERSION = YES;
				CLANG_WARN_CONSTANT_CONVERSION = YES;
				CLANG_WARN_DIRECT_OBJC_ISA_USAGE = YES_ERROR;
				CLANG_WARN_EMPTY_BODY = YES;
				CLANG_WARN_ENUM_CONVERSION = YES;
				CLANG_WARN_INT_CONVERSION = YES;
				CLANG_WARN_OBJC_ROOT_CLASS = YES_ERROR;
				CLANG_WARN_UNREACHABLE_CODE = YES;
				CLANG_WARN__DUPLICATE_METHOD_MATCH = YES;
				"CODE_SIGN_IDENTITY[sdk=iphoneos*]" = "iPhone Developer";
				COPY_PHASE_STRIP = NO;
				ENABLE_STRICT_OBJC_MSGSEND = YES;
				GCC_C_LANGUAGE_STANDARD = gnu99;
				GCC_DYNAMIC_NO_PIC = NO;
				GCC_OPTIMIZATION_LEVEL = 0;
				GCC_PREPROCESSOR_DEFINITIONS = (
					"DEBUG=1",
					"$(inherited)",
				);
				GCC_SYMBOLS_PRIVATE_EXTERN = NO;
				GCC_WARN_64_TO_32_BIT_CONVERSION = YES;
				GCC_WARN_ABOUT_RETURN_TYPE = YES_ERROR;
				GCC_WARN_UNDECLARED_SELECTOR = YES;
				GCC_WARN_UNINITIALIZED_AUTOS = YES_AGGRESSIVE;
				GCC_WARN_UNUSED_FUNCTION = YES;
				GCC_WARN_UNUSED_VARIABLE = YES;
				IPHONEOS_DEPLOYMENT_TARGET = 8.2;
				MTL_ENABLE_DEBUG_INFO = YES;
				ONLY_ACTIVE_ARCH = YES;
				SDKROOT = iphoneos;
				SWIFT_OPTIMIZATION_LEVEL = "-Onone";
			};
			name = Debug;
		};
		CF9B803A1AD961310055A3A0 /* Release */ = {
			isa = XCBuildConfiguration;
			buildSettings = {
				ALWAYS_SEARCH_USER_PATHS = NO;
				CLANG_CXX_LANGUAGE_STANDARD = "gnu++0x";
				CLANG_CXX_LIBRARY = "libc++";
				CLANG_ENABLE_MODULES = YES;
				CLANG_ENABLE_OBJC_ARC = YES;
				CLANG_WARN_BOOL_CONVERSION = YES;
				CLANG_WARN_CONSTANT_CONVERSION = YES;
				CLANG_WARN_DIRECT_OBJC_ISA_USAGE = YES_ERROR;
				CLANG_WARN_EMPTY_BODY = YES;
				CLANG_WARN_ENUM_CONVERSION = YES;
				CLANG_WARN_INT_CONVERSION = YES;
				CLANG_WARN_OBJC_ROOT_CLASS = YES_ERROR;
				CLANG_WARN_UNREACHABLE_CODE = YES;
				CLANG_WARN__DUPLICATE_METHOD_MATCH = YES;
				"CODE_SIGN_IDENTITY[sdk=iphoneos*]" = "iPhone Developer";
				COPY_PHASE_STRIP = NO;
				ENABLE_NS_ASSERTIONS = NO;
				ENABLE_STRICT_OBJC_MSGSEND = YES;
				GCC_C_LANGUAGE_STANDARD = gnu99;
				GCC_WARN_64_TO_32_BIT_CONVERSION = YES;
				GCC_WARN_ABOUT_RETURN_TYPE = YES_ERROR;
				GCC_WARN_UNDECLARED_SELECTOR = YES;
				GCC_WARN_UNINITIALIZED_AUTOS = YES_AGGRESSIVE;
				GCC_WARN_UNUSED_FUNCTION = YES;
				GCC_WARN_UNUSED_VARIABLE = YES;
				IPHONEOS_DEPLOYMENT_TARGET = 8.2;
				MTL_ENABLE_DEBUG_INFO = NO;
				SDKROOT = iphoneos;
				VALIDATE_PRODUCT = YES;
			};
			name = Release;
		};
		CF9B803C1AD961310055A3A0 /* Debug */ = {
			isa = XCBuildConfiguration;
			buildSettings = {
				ASSETCATALOG_COMPILER_APPICON_NAME = AppIcon;
				ASSETCATALOG_COMPILER_LAUNCHIMAGE_NAME = LaunchImage;
				CODE_SIGN_IDENTITY = "iPhone Distribution";
				"CODE_SIGN_IDENTITY[sdk=iphoneos*]" = "iPhone Developer";
				INFOPLIST_FILE = "Pitch Perfect/Info.plist";
				IPHONEOS_DEPLOYMENT_TARGET = 8.0;
				LD_RUNPATH_SEARCH_PATHS = "$(inherited) @executable_path/Frameworks";
				PRODUCT_NAME = "$(TARGET_NAME)";
				PROVISIONING_PROFILE = "ec4be427-476c-45ae-8f29-f33db2a1950d";
			};
			name = Debug;
		};
		CF9B803D1AD961310055A3A0 /* Release */ = {
			isa = XCBuildConfiguration;
			buildSettings = {
				ASSETCATALOG_COMPILER_APPICON_NAME = AppIcon;
				ASSETCATALOG_COMPILER_LAUNCHIMAGE_NAME = LaunchImage;
				CODE_SIGN_IDENTITY = "iPhone Distribution";
				"CODE_SIGN_IDENTITY[sdk=iphoneos*]" = "iPhone Developer";
				INFOPLIST_FILE = "Pitch Perfect/Info.plist";
				IPHONEOS_DEPLOYMENT_TARGET = 8.0;
				LD_RUNPATH_SEARCH_PATHS = "$(inherited) @executable_path/Frameworks";
				MTL_ENABLE_DEBUG_INFO = NO;
				PRODUCT_NAME = "$(TARGET_NAME)";
				PROVISIONING_PROFILE = "ec4be427-476c-45ae-8f29-f33db2a1950d";
			};
			name = Release;
		};
		CF9B803F1AD961310055A3A0 /* Debug */ = {
			isa = XCBuildConfiguration;
			buildSettings = {
				BUNDLE_LOADER = "$(TEST_HOST)";
				FRAMEWORK_SEARCH_PATHS = (
					"$(SDKROOT)/Developer/Library/Frameworks",
					"$(inherited)",
				);
				GCC_PREPROCESSOR_DEFINITIONS = (
					"DEBUG=1",
					"$(inherited)",
				);
				INFOPLIST_FILE = "Pitch PerfectTests/Info.plist";
				LD_RUNPATH_SEARCH_PATHS = "$(inherited) @executable_path/Frameworks @loader_path/Frameworks";
				PRODUCT_NAME = "$(TARGET_NAME)";
				TEST_HOST = "$(BUILT_PRODUCTS_DIR)/Pitch Perfect.app/Pitch Perfect";
			};
			name = Debug;
		};
		CF9B80401AD961310055A3A0 /* Release */ = {
			isa = XCBuildConfiguration;
			buildSettings = {
				BUNDLE_LOADER = "$(TEST_HOST)";
				FRAMEWORK_SEARCH_PATHS = (
					"$(SDKROOT)/Developer/Library/Frameworks",
					"$(inherited)",
				);
				INFOPLIST_FILE = "Pitch PerfectTests/Info.plist";
				LD_RUNPATH_SEARCH_PATHS = "$(inherited) @executable_path/Frameworks @loader_path/Frameworks";
				PRODUCT_NAME = "$(TARGET_NAME)";
				TEST_HOST = "$(BUILT_PRODUCTS_DIR)/Pitch Perfect.app/Pitch Perfect";
			};
			name = Release;
		};
/* End XCBuildConfiguration section */

/* Begin XCConfigurationList section */
		CF9B80171AD961310055A3A0 /* Build configuration list for PBXProject "Pitch Perfect" */ = {
			isa = XCConfigurationList;
			buildConfigurations = (
				CF9B80391AD961310055A3A0 /* Debug */,
				CF9B803A1AD961310055A3A0 /* Release */,
			);
			defaultConfigurationIsVisible = 0;
			defaultConfigurationName = Release;
		};
		CF9B803B1AD961310055A3A0 /* Build configuration list for PBXNativeTarget "Pitch Perfect" */ = {
			isa = XCConfigurationList;
			buildConfigurations = (
				CF9B803C1AD961310055A3A0 /* Debug */,
				CF9B803D1AD961310055A3A0 /* Release */,
			);
			defaultConfigurationIsVisible = 0;
			defaultConfigurationName = Release;
		};
		CF9B803E1AD961310055A3A0 /* Build configuration list for PBXNativeTarget "Pitch PerfectTests" */ = {
			isa = XCConfigurationList;
			buildConfigurations = (
				CF9B803F1AD961310055A3A0 /* Debug */,
				CF9B80401AD961310055A3A0 /* Release */,
			);
			defaultConfigurationIsVisible = 0;
			defaultConfigurationName = Release;
		};
/* End XCConfigurationList section */
	};
	rootObject = CF9B80141AD961310055A3A0 /* Project object */;
}
